// !$*UTF8*$!
{
	archiveVersion = 1;
	classes = {
	};
	objectVersion = 46;
	objects = {

/* Begin PBXBuildFile section */
		2222FE041B7AF8BB000EA061 /* FirstViewController.m in Sources */ = {isa = PBXBuildFile; fileRef = 2222FE031B7AF8BB000EA061 /* FirstViewController.m */; };
		2227718B1B79E84300DFF6F9 /* main.m in Sources */ = {isa = PBXBuildFile; fileRef = 2227718A1B79E84300DFF6F9 /* main.m */; };
		2227718E1B79E84300DFF6F9 /* AppDelegate.m in Sources */ = {isa = PBXBuildFile; fileRef = 2227718D1B79E84300DFF6F9 /* AppDelegate.m */; };
		222771911B79E84300DFF6F9 /* ViewController.m in Sources */ = {isa = PBXBuildFile; fileRef = 222771901B79E84300DFF6F9 /* ViewController.m */; };
		222771941B79E84300DFF6F9 /* Main.storyboard in Resources */ = {isa = PBXBuildFile; fileRef = 222771921B79E84300DFF6F9 /* Main.storyboard */; };
		222771961B79E84300DFF6F9 /* Images.xcassets in Resources */ = {isa = PBXBuildFile; fileRef = 222771951B79E84300DFF6F9 /* Images.xcassets */; };
		222771991B79E84300DFF6F9 /* LaunchScreen.xib in Resources */ = {isa = PBXBuildFile; fileRef = 222771971B79E84300DFF6F9 /* LaunchScreen.xib */; };
		222771A51B79E84400DFF6F9 /* BASE_ButtonTests.m in Sources */ = {isa = PBXBuildFile; fileRef = 222771A41B79E84400DFF6F9 /* BASE_ButtonTests.m */; };
/* End PBXBuildFile section */

/* Begin PBXContainerItemProxy section */
		2227719F1B79E84400DFF6F9 /* PBXContainerItemProxy */ = {
			isa = PBXContainerItemProxy;
			containerPortal = 2227717D1B79E84300DFF6F9 /* Project object */;
			proxyType = 1;
			remoteGlobalIDString = 222771841B79E84300DFF6F9;
			remoteInfo = "BASE-Button";
		};
/* End PBXContainerItemProxy section */

/* Begin PBXFileReference section */
		2222FE021B7AF8BB000EA061 /* FirstViewController.h */ = {isa = PBXFileReference; fileEncoding = 4; lastKnownFileType = sourcecode.c.h; path = FirstViewController.h; sourceTree = "<group>"; };
		2222FE031B7AF8BB000EA061 /* FirstViewController.m */ = {isa = PBXFileReference; fileEncoding = 4; lastKnownFileType = sourcecode.c.objc; path = FirstViewController.m; sourceTree = "<group>"; };
		222771851B79E84300DFF6F9 /* BASE-Button.app */ = {isa = PBXFileReference; explicitFileType = wrapper.application; includeInIndex = 0; path = "BASE-Button.app"; sourceTree = BUILT_PRODUCTS_DIR; };
		222771891B79E84300DFF6F9 /* Info.plist */ = {isa = PBXFileReference; lastKnownFileType = text.plist.xml; path = Info.plist; sourceTree = "<group>"; };
		2227718A1B79E84300DFF6F9 /* main.m */ = {isa = PBXFileReference; lastKnownFileType = sourcecode.c.objc; path = main.m; sourceTree = "<group>"; };
		2227718C1B79E84300DFF6F9 /* AppDelegate.h */ = {isa = PBXFileReference; lastKnownFileType = sourcecode.c.h; path = AppDelegate.h; sourceTree = "<group>"; };
		2227718D1B79E84300DFF6F9 /* AppDelegate.m */ = {isa = PBXFileReference; lastKnownFileType = sourcecode.c.objc; path = AppDelegate.m; sourceTree = "<group>"; };
		2227718F1B79E84300DFF6F9 /* ViewController.h */ = {isa = PBXFileReference; lastKnownFileType = sourcecode.c.h; path = ViewController.h; sourceTree = "<group>"; };
		222771901B79E84300DFF6F9 /* ViewController.m */ = {isa = PBXFileReference; lastKnownFileType = sourcecode.c.objc; path = ViewController.m; sourceTree = "<group>"; };
		222771931B79E84300DFF6F9 /* Base */ = {isa = PBXFileReference; lastKnownFileType = file.storyboard; name = Base; path = Base.lproj/Main.storyboard; sourceTree = "<group>"; };
		222771951B79E84300DFF6F9 /* Images.xcassets */ = {isa = PBXFileReference; lastKnownFileType = folder.assetcatalog; path = Images.xcassets; sourceTree = "<group>"; };
		222771981B79E84300DFF6F9 /* Base */ = {isa = PBXFileReference; lastKnownFileType = file.xib; name = Base; path = Base.lproj/LaunchScreen.xib; sourceTree = "<group>"; };
		2227719E1B79E84400DFF6F9 /* BASE-ButtonTests.xctest */ = {isa = PBXFileReference; explicitFileType = wrapper.cfbundle; includeInIndex = 0; path = "BASE-ButtonTests.xctest"; sourceTree = BUILT_PRODUCTS_DIR; };
		222771A31B79E84400DFF6F9 /* Info.plist */ = {isa = PBXFileReference; lastKnownFileType = text.plist.xml; path = Info.plist; sourceTree = "<group>"; };
		222771A41B79E84400DFF6F9 /* BASE_ButtonTests.m */ = {isa = PBXFileReference; lastKnownFileType = sourcecode.c.objc; path = BASE_ButtonTests.m; sourceTree = "<group>"; };
/* End PBXFileReference section */

/* Begin PBXFrameworksBuildPhase section */
		222771821B79E84300DFF6F9 /* Frameworks */ = {
			isa = PBXFrameworksBuildPhase;
			buildActionMask = 2147483647;
			files = (
			);
			runOnlyForDeploymentPostprocessing = 0;
		};
		2227719B1B79E84400DFF6F9 /* Frameworks */ = {
			isa = PBXFrameworksBuildPhase;
			buildActionMask = 2147483647;
			files = (
			);
			runOnlyForDeploymentPostprocessing = 0;
		};
/* End PBXFrameworksBuildPhase section */

/* Begin PBXGroup section */
		2227717C1B79E84300DFF6F9 = {
			isa = PBXGroup;
			children = (
				222771871B79E84300DFF6F9 /* BASE-Button */,
				222771A11B79E84400DFF6F9 /* BASE-ButtonTests */,
				222771861B79E84300DFF6F9 /* Products */,
			);
			sourceTree = "<group>";
		};
		222771861B79E84300DFF6F9 /* Products */ = {
			isa = PBXGroup;
			children = (
				222771851B79E84300DFF6F9 /* BASE-Button.app */,
				2227719E1B79E84400DFF6F9 /* BASE-ButtonTests.xctest */,
			);
			name = Products;
			sourceTree = "<group>";
		};
		222771871B79E84300DFF6F9 /* BASE-Button */ = {
			isa = PBXGroup;
			children = (
				2227718C1B79E84300DFF6F9 /* AppDelegate.h */,
				2227718D1B79E84300DFF6F9 /* AppDelegate.m */,
				2227718F1B79E84300DFF6F9 /* ViewController.h */,
				222771901B79E84300DFF6F9 /* ViewController.m */,
				2222FE021B7AF8BB000EA061 /* FirstViewController.h */,
				2222FE031B7AF8BB000EA061 /* FirstViewController.m */,
				222771921B79E84300DFF6F9 /* Main.storyboard */,
				222771951B79E84300DFF6F9 /* Images.xcassets */,
				222771971B79E84300DFF6F9 /* LaunchScreen.xib */,
				222771881B79E84300DFF6F9 /* Supporting Files */,
			);
			path = "BASE-Button";
			sourceTree = "<group>";
		};
		222771881B79E84300DFF6F9 /* Supporting Files */ = {
			isa = PBXGroup;
			children = (
				222771891B79E84300DFF6F9 /* Info.plist */,
				2227718A1B79E84300DFF6F9 /* main.m */,
			);
			name = "Supporting Files";
			sourceTree = "<group>";
		};
		222771A11B79E84400DFF6F9 /* BASE-ButtonTests */ = {
			isa = PBXGroup;
			children = (
				222771A41B79E84400DFF6F9 /* BASE_ButtonTests.m */,
				222771A21B79E84400DFF6F9 /* Supporting Files */,
			);
			path = "BASE-ButtonTests";
			sourceTree = "<group>";
		};
		222771A21B79E84400DFF6F9 /* Supporting Files */ = {
			isa = PBXGroup;
			children = (
				222771A31B79E84400DFF6F9 /* Info.plist */,
			);
			name = "Supporting Files";
			sourceTree = "<group>";
		};
/* End PBXGroup section */

/* Begin PBXNativeTarget section */
		222771841B79E84300DFF6F9 /* BASE-Button */ = {
			isa = PBXNativeTarget;
			buildConfigurationList = 222771A81B79E84400DFF6F9 /* Build configuration list for PBXNativeTarget "BASE-Button" */;
			buildPhases = (
				222771811B79E84300DFF6F9 /* Sources */,
				222771821B79E84300DFF6F9 /* Frameworks */,
				222771831B79E84300DFF6F9 /* Resources */,
			);
			buildRules = (
			);
			dependencies = (
			);
			name = "BASE-Button";
			productName = "BASE-Button";
			productReference = 222771851B79E84300DFF6F9 /* BASE-Button.app */;
			productType = "com.apple.product-type.application";
		};
		2227719D1B79E84400DFF6F9 /* BASE-ButtonTests */ = {
			isa = PBXNativeTarget;
			buildConfigurationList = 222771AB1B79E84400DFF6F9 /* Build configuration list for PBXNativeTarget "BASE-ButtonTests" */;
			buildPhases = (
				2227719A1B79E84400DFF6F9 /* Sources */,
				2227719B1B79E84400DFF6F9 /* Frameworks */,
				2227719C1B79E84400DFF6F9 /* Resources */,
			);
			buildRules = (
			);
			dependencies = (
				222771A01B79E84400DFF6F9 /* PBXTargetDependency */,
			);
			name = "BASE-ButtonTests";
			productName = "BASE-ButtonTests";
			productReference = 2227719E1B79E84400DFF6F9 /* BASE-ButtonTests.xctest */;
			productType = "com.apple.product-type.bundle.unit-test";
		};
/* End PBXNativeTarget section */

/* Begin PBXProject section */
		2227717D1B79E84300DFF6F9 /* Project object */ = {
			isa = PBXProject;
			attributes = {
				LastUpgradeCheck = 0640;
				ORGANIZATIONNAME = YYC;
				TargetAttributes = {
					222771841B79E84300DFF6F9 = {
						CreatedOnToolsVersion = 6.4;
					};
					2227719D1B79E84400DFF6F9 = {
						CreatedOnToolsVersion = 6.4;
						TestTargetID = 222771841B79E84300DFF6F9;
					};
				};
			};
			buildConfigurationList = 222771801B79E84300DFF6F9 /* Build configuration list for PBXProject "BASE-Button" */;
			compatibilityVersion = "Xcode 3.2";
			developmentRegion = English;
			hasScannedForEncodings = 0;
			knownRegions = (
				en,
				Base,
			);
			mainGroup = 2227717C1B79E84300DFF6F9;
			productRefGroup = 222771861B79E84300DFF6F9 /* Products */;
			projectDirPath = "";
			projectRoot = "";
			targets = (
				222771841B79E84300DFF6F9 /* BASE-Button */,
				2227719D1B79E84400DFF6F9 /* BASE-ButtonTests */,
			);
		};
/* End PBXProject section */

/* Begin PBXResourcesBuildPhase section */
		222771831B79E84300DFF6F9 /* Resources */ = {
			isa = PBXResourcesBuildPhase;
			buildActionMask = 2147483647;
			files = (
				222771941B79E84300DFF6F9 /* Main.storyboard in Resources */,
				222771991B79E84300DFF6F9 /* LaunchScreen.xib in Resources */,
				222771961B79E84300DFF6F9 /* Images.xcassets in Resources */,
			);
			runOnlyForDeploymentPostprocessing = 0;
		};
		2227719C1B79E84400DFF6F9 /* Resources */ = {
			isa = PBXResourcesBuildPhase;
			buildActionMask = 2147483647;
			files = (
			);
			runOnlyForDeploymentPostprocessing = 0;
		};
/* End PBXResourcesBuildPhase section */

/* Begin PBXSourcesBuildPhase section */
		222771811B79E84300DFF6F9 /* Sources */ = {
			isa = PBXSourcesBuildPhase;
			buildActionMask = 2147483647;
			files = (
				222771911B79E84300DFF6F9 /* ViewController.m in Sources */,
				2227718E1B79E84300DFF6F9 /* AppDelegate.m in Sources */,
				2227718B1B79E84300DFF6F9 /* main.m in Sources */,
				2222FE041B7AF8BB000EA061 /* FirstViewController.m in Sources */,
			);
			runOnlyForDeploymentPostprocessing = 0;
		};
		2227719A1B79E84400DFF6F9 /* Sources */ = {
			isa = PBXSourcesBuildPhase;
			buildActionMask = 2147483647;
			files = (
				222771A51B79E84400DFF6F9 /* BASE_ButtonTests.m in Sources */,
			);
			runOnlyForDeploymentPostprocessing = 0;
		};
/* End PBXSourcesBuildPhase section */

/* Begin PBXTargetDependency section */
		222771A01B79E84400DFF6F9 /* PBXTargetDependency */ = {
			isa = PBXTargetDependency;
			target = 222771841B79E84300DFF6F9 /* BASE-Button */;
			targetProxy = 2227719F1B79E84400DFF6F9 /* PBXContainerItemProxy */;
		};
/* End PBXTargetDependency section */

/* Begin PBXVariantGroup section */
		222771921B79E84300DFF6F9 /* Main.storyboard */ = {
			isa = PBXVariantGroup;
			children = (
				222771931B79E84300DFF6F9 /* Base */,
			);
			name = Main.storyboard;
			sourceTree = "<group>";
		};
		222771971B79E84300DFF6F9 /* LaunchScreen.xib */ = {
			isa = PBXVariantGroup;
			children = (
				222771981B79E84300DFF6F9 /* Base */,
			);
			name = LaunchScreen.xib;
			sourceTree = "<group>";
		};
/* End PBXVariantGroup section */

/* Begin XCBuildConfiguration section */
		222771A61B79E84400DFF6F9 /* Debug */ = {
			isa = XCBuildConfiguration;
			buildSettings = {
				ALWAYS_SEARCH_USER_PATHS = NO;
				CLANG_CXX_LANGUAGE_STANDARD = "gnu++0x";
				CLANG_CXX_LIBRARY = "libc++";
				CLANG_ENABLE_MODULES = YES;
				CLANG_ENABLE_OBJC_ARC = YES;
				CLANG_WARN_BOOL_CONVERSION = YES;
				CLANG_WARN_CONSTANT_CONVERSION = YES;
				CLANG_WARN_DIRECT_OBJC_ISA_USAGE = YES_ERROR;
				CLANG_WARN_EMPTY_BODY = YES;
				CLANG_WARN_ENUM_CONVERSION = YES;
				CLANG_WARN_INT_CONVERSION = YES;
				CLANG_WARN_OBJC_ROOT_CLASS = YES_ERROR;
				CLANG_WARN_UNREACHABLE_CODE = YES;
				CLANG_WARN__DUPLICATE_METHOD_MATCH = YES;
				"CODE_SIGN_IDENTITY[sdk=iphoneos*]" = "iPhone Developer";
				COPY_PHASE_STRIP = NO;
				DEBUG_INFORMATION_FORMAT = "dwarf-with-dsym";
				ENABLE_STRICT_OBJC_MSGSEND = YES;
				GCC_C_LANGUAGE_STANDARD = gnu99;
				GCC_DYNAMIC_NO_PIC = NO;
				GCC_NO_COMMON_BLOCKS = YES;
				GCC_OPTIMIZATION_LEVEL = 0;
				GCC_PREPROCESSOR_DEFINITIONS = (
					"DEBUG=1",
					"$(inherited)",
				);
				GCC_SYMBOLS_PRIVATE_EXTERN = NO;
				GCC_WARN_64_TO_32_BIT_CONVERSION = YES;
				GCC_WARN_ABOUT_RETURN_TYPE = YES_ERROR;
				GCC_WARN_UNDECLARED_SELECTOR = YES;
				GCC_WARN_UNINITIALIZED_AUTOS = YES_AGGRESSIVE;
				GCC_WARN_UNUSED_FUNCTION = YES;
				GCC_WARN_UNUSED_VARIABLE = YES;
				IPHONEOS_DEPLOYMENT_TARGET = 8.4;
				MTL_ENABLE_DEBUG_INFO = YES;
				ONLY_ACTIVE_ARCH = YES;
				SDKROOT = iphoneos;
			};
			name = Debug;
		};
		222771A71B79E84400DFF6F9 /* Release */ = {
			isa = XCBuildConfiguration;
			buildSettings = {
				ALWAYS_SEARCH_USER_PATHS = NO;
				CLANG_CXX_LANGUAGE_STANDARD = "gnu++0x";
				CLANG_CXX_LIBRARY = "libc++";
				CLANG_ENABLE_MODULES = YES;
				CLANG_ENABLE_OBJC_ARC = YES;
				CLANG_WARN_BOOL_CONVERSION = YES;
				CLANG_WARN_CONSTANT_CONVERSION = YES;
				CLANG_WARN_DIRECT_OBJC_ISA_USAGE = YES_ERROR;
				CLANG_WARN_EMPTY_BODY = YES;
				CLANG_WARN_ENUM_CONVERSION = YES;
				CLANG_WARN_INT_CONVERSION = YES;
				CLANG_WARN_OBJC_ROOT_CLASS = YES_ERROR;
				CLANG_WARN_UNREACHABLE_CODE = YES;
				CLANG_WARN__DUPLICATE_METHOD_MATCH = YES;
				"CODE_SIGN_IDENTITY[sdk=iphoneos*]" = "iPhone Developer";
				COPY_PHASE_STRIP = NO;
				DEBUG_INFORMATION_FORMAT = "dwarf-with-dsym";
				ENABLE_NS_ASSERTIONS = NO;
				ENABLE_STRICT_OBJC_MSGSEND = YES;
				GCC_C_LANGUAGE_STANDARD = gnu99;
				GCC_NO_COMMON_BLOCKS = YES;
				GCC_WARN_64_TO_32_BIT_CONVERSION = YES;
				GCC_WARN_ABOUT_RETURN_TYPE = YES_ERROR;
				GCC_WARN_UNDECLARED_SELECTOR = YES;
				GCC_WARN_UNINITIALIZED_AUTOS = YES_AGGRESSIVE;
				GCC_WARN_UNUSED_FUNCTION = YES;
				GCC_WARN_UNUSED_VARIABLE = YES;
				IPHONEOS_DEPLOYMENT_TARGET = 8.4;
				MTL_ENABLE_DEBUG_INFO = NO;
				SDKROOT = iphoneos;
				VALIDATE_PRODUCT = YES;
			};
			name = Release;
		};
		222771A91B79E84400DFF6F9 /* Debug */ = {
			isa = XCBuildConfiguration;
			buildSettings = {
				ASSETCATALOG_COMPILER_APPICON_NAME = AppIcon;
				INFOPLIST_FILE = "BASE-Button/Info.plist";
				IPHONEOS_DEPLOYMENT_TARGET = 6.1;
				LD_RUNPATH_SEARCH_PATHS = "$(inherited) @executable_path/Frameworks";
				PRODUCT_NAME = "$(TARGET_NAME)";
			};
			name = Debug;
		};
		222771AA1B79E84400DFF6F9 /* Release */ = {
			isa = XCBuildConfiguration;
			buildSettings = {
				ASSETCATALOG_COMPILER_APPICON_NAME = AppIcon;
				INFOPLIST_FILE = "BASE-Button/Info.plist";
				IPHONEOS_DEPLOYMENT_TARGET = 6.1;
				LD_RUNPATH_SEARCH_PATHS = "$(inherited) @executable_path/Frameworks";
				PRODUCT_NAME = "$(TARGET_NAME)";
			};
			name = Release;
		};
		222771AC1B79E84400DFF6F9 /* Debug */ = {
			isa = XCBuildConfiguration;
			buildSettings = {
				BUNDLE_LOADER = "$(TEST_HOST)";
				FRAMEWORK_SEARCH_PATHS = (
					"$(SDKROOT)/Developer/Library/Frameworks",
					"$(inherited)",
				);
				GCC_PREPROCESSOR_DEFINITIONS = (
					"DEBUG=1",
					"$(inherited)",
				);
				INFOPLIST_FILE = "BASE-ButtonTests/Info.plist";
				LD_RUNPATH_SEARCH_PATHS = "$(inherited) @executable_path/Frameworks @loader_path/Frameworks";
				PRODUCT_NAME = "$(TARGET_NAME)";
				TEST_HOST = "$(BUILT_PRODUCTS_DIR)/BASE-Button.app/BASE-Button";
			};
			name = Debug;
		};
		222771AD1B79E84400DFF6F9 /* Release */ = {
			isa = XCBuildConfiguration;
			buildSettings = {
				BUNDLE_LOADER = "$(TEST_HOST)";
				FRAMEWORK_SEARCH_PATHS = (
					"$(SDKROOT)/Developer/Library/Frameworks",
					"$(inherited)",
				);
				INFOPLIST_FILE = "BASE-ButtonTests/Info.plist";
				LD_RUNPATH_SEARCH_PATHS = "$(inherited) @executable_path/Frameworks @loader_path/Frameworks";
				PRODUCT_NAME = "$(TARGET_NAME)";
				TEST_HOST = "$(BUILT_PRODUCTS_DIR)/BASE-Button.app/BASE-Button";
			};
			name = Release;
		};
/* End XCBuildConfiguration section */

/* Begin XCConfigurationList section */
		222771801B79E84300DFF6F9 /* Build configuration list for PBXProject "BASE-Button" */ = {
			isa = XCConfigurationList;
			buildConfigurations = (
				222771A61B79E84400DFF6F9 /* Debug */,
				222771A71B79E84400DFF6F9 /* Release */,
			);
			defaultConfigurationIsVisible = 0;
			defaultConfigurationName = Release;
		};
		222771A81B79E84400DFF6F9 /* Build configuration list for PBXNativeTarget "BASE-Button" */ = {
			isa = XCConfigurationList;
			buildConfigurations = (
				222771A91B79E84400DFF6F9 /* Debug */,
				222771AA1B79E84400DFF6F9 /* Release */,
			);
			defaultConfigurationIsVisible = 0;
			defaultConfigurationName = Release;
		};
		222771AB1B79E84400DFF6F9 /* Build configuration list for PBXNativeTarget "BASE-ButtonTests" */ = {
			isa = XCConfigurationList;
			buildConfigurations = (
				222771AC1B79E84400DFF6F9 /* Debug */,
				222771AD1B79E84400DFF6F9 /* Release */,
			);
			defaultConfigurationIsVisible = 0;
			defaultConfigurationName = Release;
		};
/* End XCConfigurationList section */
	};
	rootObject = 2227717D1B79E84300DFF6F9 /* Project object */;
}
